<Solution>
  <Folder Name="/Solution Folder/">
    <File Path="RP_Lab7.txt" />
  </Folder>
  <Project Path="../../B_EFCore/Lab_EF07/AutoLot.Dal/AutoLot.Dal.csproj" />
  <Project Path="../../B_EFCore/Lab_EF07/AutoLot.Models/AutoLot.Models.csproj" />
  <Project Path="AutoLot.Services/AutoLot.Services.csproj" />
  <Project Path="AutoLot.Web/AutoLot.Web.csproj" />
</Solution>
